
Microsoft Visual Studio Solution File, Format Version 12.00
# Visual Studio Version 16
VisualStudioVersion = 16.0.30804.86
MinimumVisualStudioVersion = 10.0.40219.1
Project("{FAE04EC0-301F-11D3-BF4B-00C04F79EFBC}") = "ApiRest_Promart", "ApiRest_Promart\ApiRest_Promart.csproj", "{0BF17873-F3B4-4261-95E5-99DF99AEE03A}"
EndProject
Global
	GlobalSection(SolutionConfigurationPlatforms) = preSolution
		Debug|Any CPU = Debug|Any CPU
		Release|Any CPU = Release|Any CPU
	EndGlobalSection
	GlobalSection(ProjectConfigurationPlatforms) = postSolution
		{0BF17873-F3B4-4261-95E5-99DF99AEE03A}.Debug|Any CPU.ActiveCfg = Debug|Any CPU
		{0BF17873-F3B4-4261-95E5-99DF99AEE03A}.Debug|Any CPU.Build.0 = Debug|Any CPU
		{0BF17873-F3B4-4261-95E5-99DF99AEE03A}.Release|Any CPU.ActiveCfg = Release|Any CPU
		{0BF17873-F3B4-4261-95E5-99DF99AEE03A}.Release|Any CPU.Build.0 = Release|Any CPU
	EndGlobalSection
	GlobalSection(SolutionProperties) = preSolution
		HideSolutionNode = FALSE
	EndGlobalSection
	GlobalSection(ExtensibilityGlobals) = postSolution
		SolutionGuid = {1F701FC6-67E9-4CB8-ADA8-6E45291971A9}
	EndGlobalSection
EndGlobal
